{
    "name": "function",
    "version": "1.0.0",
    "lockfileVersion": 1,
    "requires": true,
    "dependencies": {
        "node-kmeans": {
            "version": "1.1.8",
            "resolved": "https://registry.npmjs.org/node-kmeans/-/node-kmeans-1.1.8.tgz",
            "integrity": "sha512-ECRohwrZzZMbvbGhlnALCozmMub1MuJJQEAFRoWiirR8WhcWXMmsmfCiEv+PcytFTt8E6TIgFMDPE6de2RTApQ==",
            "requires": {
                "underscore": "1.4.2"
            }
        },
        "underscore": {
            "version": "1.4.2",
            "resolved": "https://registry.npmjs.org/underscore/-/underscore-1.4.2.tgz",
            "integrity": "sha1-yyquanmZqJ/VWq7nW84DEWmM6/s="
        }
    }
}
